
Microsoft Visual Studio Solution File, Format Version 12.00
# Visual Studio Version 17
VisualStudioVersion = 17.10.34825.169
MinimumVisualStudioVersion = 10.0.40219.1
Project("{FAE04EC0-301F-11D3-BF4B-00C04F79EFBC}") = "Baconit", "Baconit\Baconit.csproj", "{7845DE49-57B4-4F0E-AEAB-0E937EF1162F}"
EndProject
Project("{FAE04EC0-301F-11D3-BF4B-00C04F79EFBC}") = "BaconitData", "BaconitData\BaconitData.csproj", "{B55F1A46-1F53-4F24-AE2F-445CC7AC2D49}"
EndProject
Global
	GlobalSection(SolutionConfigurationPlatforms) = preSolution
		Debug|Any CPU = Debug|Any CPU
		Debug|ARM = Debug|ARM
		Debug|ARM64 = Debug|ARM64
		Debug|x64 = Debug|x64
		Debug|x86 = Debug|x86
		Release|Any CPU = Release|Any CPU
		Release|ARM = Release|ARM
		Release|ARM64 = Release|ARM64
		Release|x64 = Release|x64
		Release|x86 = Release|x86
	EndGlobalSection
	GlobalSection(ProjectConfigurationPlatforms) = postSolution
		{7845DE49-57B4-4F0E-AEAB-0E937EF1162F}.Debug|Any CPU.ActiveCfg = Debug|x64
		{7845DE49-57B4-4F0E-AEAB-0E937EF1162F}.Debug|Any CPU.Build.0 = Debug|x64
		{7845DE49-57B4-4F0E-AEAB-0E937EF1162F}.Debug|Any CPU.Deploy.0 = Debug|x64
		{7845DE49-57B4-4F0E-AEAB-0E937EF1162F}.Debug|ARM.ActiveCfg = Debug|ARM
		{7845DE49-57B4-4F0E-AEAB-0E937EF1162F}.Debug|ARM.Build.0 = Debug|ARM
		{7845DE49-57B4-4F0E-AEAB-0E937EF1162F}.Debug|ARM.Deploy.0 = Debug|ARM
		{7845DE49-57B4-4F0E-AEAB-0E937EF1162F}.Debug|ARM64.ActiveCfg = Debug|ARM64
		{7845DE49-57B4-4F0E-AEAB-0E937EF1162F}.Debug|ARM64.Build.0 = Debug|ARM64
		{7845DE49-57B4-4F0E-AEAB-0E937EF1162F}.Debug|ARM64.Deploy.0 = Debug|ARM64
		{7845DE49-57B4-4F0E-AEAB-0E937EF1162F}.Debug|x64.ActiveCfg = Debug|x64
		{7845DE49-57B4-4F0E-AEAB-0E937EF1162F}.Debug|x64.Build.0 = Debug|x64
		{7845DE49-57B4-4F0E-AEAB-0E937EF1162F}.Debug|x64.Deploy.0 = Debug|x64
		{7845DE49-57B4-4F0E-AEAB-0E937EF1162F}.Debug|x86.ActiveCfg = Debug|x86
		{7845DE49-57B4-4F0E-AEAB-0E937EF1162F}.Debug|x86.Build.0 = Debug|x86
		{7845DE49-57B4-4F0E-AEAB-0E937EF1162F}.Debug|x86.Deploy.0 = Debug|x86
		{7845DE49-57B4-4F0E-AEAB-0E937EF1162F}.Release|Any CPU.ActiveCfg = Release|x64
		{7845DE49-57B4-4F0E-AEAB-0E937EF1162F}.Release|Any CPU.Build.0 = Release|x64
		{7845DE49-57B4-4F0E-AEAB-0E937EF1162F}.Release|Any CPU.Deploy.0 = Release|x64
		{7845DE49-57B4-4F0E-AEAB-0E937EF1162F}.Release|ARM.ActiveCfg = Release|ARM
		{7845DE49-57B4-4F0E-AEAB-0E937EF1162F}.Release|ARM.Build.0 = Release|ARM
		{7845DE49-57B4-4F0E-AEAB-0E937EF1162F}.Release|ARM.Deploy.0 = Release|ARM
		{7845DE49-57B4-4F0E-AEAB-0E937EF1162F}.Release|ARM64.ActiveCfg = Release|ARM64
		{7845DE49-57B4-4F0E-AEAB-0E937EF1162F}.Release|ARM64.Build.0 = Release|ARM64
		{7845DE49-57B4-4F0E-AEAB-0E937EF1162F}.Release|ARM64.Deploy.0 = Release|ARM64
		{7845DE49-57B4-4F0E-AEAB-0E937EF1162F}.Release|x64.ActiveCfg = Release|x64
		{7845DE49-57B4-4F0E-AEAB-0E937EF1162F}.Release|x64.Build.0 = Release|x64
		{7845DE49-57B4-4F0E-AEAB-0E937EF1162F}.Release|x64.Deploy.0 = Release|x64
		{7845DE49-57B4-4F0E-AEAB-0E937EF1162F}.Release|x86.ActiveCfg = Release|x86
		{7845DE49-57B4-4F0E-AEAB-0E937EF1162F}.Release|x86.Build.0 = Release|x86
		{7845DE49-57B4-4F0E-AEAB-0E937EF1162F}.Release|x86.Deploy.0 = Release|x86
		{B55F1A46-1F53-4F24-AE2F-445CC7AC2D49}.Debug|Any CPU.ActiveCfg = Debug|Any CPU
		{B55F1A46-1F53-4F24-AE2F-445CC7AC2D49}.Debug|Any CPU.Build.0 = Debug|Any CPU
		{B55F1A46-1F53-4F24-AE2F-445CC7AC2D49}.Debug|ARM.ActiveCfg = Debug|ARM
		{B55F1A46-1F53-4F24-AE2F-445CC7AC2D49}.Debug|ARM.Build.0 = Debug|ARM
		{B55F1A46-1F53-4F24-AE2F-445CC7AC2D49}.Debug|ARM64.ActiveCfg = Debug|ARM64
		{B55F1A46-1F53-4F24-AE2F-445CC7AC2D49}.Debug|ARM64.Build.0 = Debug|ARM64
		{B55F1A46-1F53-4F24-AE2F-445CC7AC2D49}.Debug|x64.ActiveCfg = Debug|x64
		{B55F1A46-1F53-4F24-AE2F-445CC7AC2D49}.Debug|x64.Build.0 = Debug|x64
		{B55F1A46-1F53-4F24-AE2F-445CC7AC2D49}.Debug|x86.ActiveCfg = Debug|x86
		{B55F1A46-1F53-4F24-AE2F-445CC7AC2D49}.Debug|x86.Build.0 = Debug|x86
		{B55F1A46-1F53-4F24-AE2F-445CC7AC2D49}.Release|Any CPU.ActiveCfg = Release|Any CPU
		{B55F1A46-1F53-4F24-AE2F-445CC7AC2D49}.Release|Any CPU.Build.0 = Release|Any CPU
		{B55F1A46-1F53-4F24-AE2F-445CC7AC2D49}.Release|ARM.ActiveCfg = Release|ARM
		{B55F1A46-1F53-4F24-AE2F-445CC7AC2D49}.Release|ARM.Build.0 = Release|ARM
		{B55F1A46-1F53-4F24-AE2F-445CC7AC2D49}.Release|ARM64.ActiveCfg = Release|ARM64
		{B55F1A46-1F53-4F24-AE2F-445CC7AC2D49}.Release|ARM64.Build.0 = Release|ARM64
		{B55F1A46-1F53-4F24-AE2F-445CC7AC2D49}.Release|x64.ActiveCfg = Release|x64
		{B55F1A46-1F53-4F24-AE2F-445CC7AC2D49}.Release|x64.Build.0 = Release|x64
		{B55F1A46-1F53-4F24-AE2F-445CC7AC2D49}.Release|x86.ActiveCfg = Release|x86
		{B55F1A46-1F53-4F24-AE2F-445CC7AC2D49}.Release|x86.Build.0 = Release|x86
	EndGlobalSection
	GlobalSection(SolutionProperties) = preSolution
		HideSolutionNode = FALSE
	EndGlobalSection
	GlobalSection(ExtensibilityGlobals) = postSolution
		SolutionGuid = {135D52DD-1E89-4A3E-BA68-1D20F134F8E1}
	EndGlobalSection
EndGlobal
